
Microsoft Visual Studio Solution File, Format Version 12.00
# Visual Studio 15
VisualStudioVersion = 15.0.28307.572
MinimumVisualStudioVersion = 10.0.40219.1
Project("{FAE04EC0-301F-11D3-BF4B-00C04F79EFBC}") = "MSTest.TestsLibrary", "MSTest.TestsLibrary\MSTest.TestsLibrary.csproj", "{DDEB9780-3C00-4DF6-A5E1-E914CD4D534D}"
EndProject
Project("{FAE04EC0-301F-11D3-BF4B-00C04F79EFBC}") = "MSTest.TestsLibrary.Testing", "MSTest.TestsLibrary.Testing\MSTest.TestsLibrary.Testing.csproj", "{4F065D25-9A83-4B16-A196-3173994AEE9D}"
EndProject
Global
	GlobalSection(SolutionConfigurationPlatforms) = preSolution
		Debug|Any CPU = Debug|Any CPU
		Release|Any CPU = Release|Any CPU
	EndGlobalSection
	GlobalSection(ProjectConfigurationPlatforms) = postSolution
		{DDEB9780-3C00-4DF6-A5E1-E914CD4D534D}.Debug|Any CPU.ActiveCfg = Debug|Any CPU
		{DDEB9780-3C00-4DF6-A5E1-E914CD4D534D}.Debug|Any CPU.Build.0 = Debug|Any CPU
		{DDEB9780-3C00-4DF6-A5E1-E914CD4D534D}.Release|Any CPU.ActiveCfg = Release|Any CPU
		{DDEB9780-3C00-4DF6-A5E1-E914CD4D534D}.Release|Any CPU.Build.0 = Release|Any CPU
		{4F065D25-9A83-4B16-A196-3173994AEE9D}.Debug|Any CPU.ActiveCfg = Debug|Any CPU
		{4F065D25-9A83-4B16-A196-3173994AEE9D}.Debug|Any CPU.Build.0 = Debug|Any CPU
		{4F065D25-9A83-4B16-A196-3173994AEE9D}.Release|Any CPU.ActiveCfg = Release|Any CPU
		{4F065D25-9A83-4B16-A196-3173994AEE9D}.Release|Any CPU.Build.0 = Release|Any CPU
	EndGlobalSection
	GlobalSection(SolutionProperties) = preSolution
		HideSolutionNode = FALSE
	EndGlobalSection
	GlobalSection(ExtensibilityGlobals) = postSolution
		SolutionGuid = {F342DC95-8D21-4BC2-976A-EE180FBD2605}
	EndGlobalSection
EndGlobal
