
Microsoft Visual Studio Solution File, Format Version 12.00
# Visual Studio Version 16
VisualStudioVersion = 16.0.30114.105
MinimumVisualStudioVersion = 10.0.40219.1
Project("{2150E333-8FDC-42A3-9474-1A3956D46DE8}") = "ClassLibrary1", "ClassLibrary1", "{F44D6270-D063-4928-99F2-74BA8DC95E0C}"
EndProject
Project("{FAE04EC0-301F-11D3-BF4B-00C04F79EFBC}") = "ClassLibrary1", "ClassLibrary1\ClassLibrary1\ClassLibrary1.csproj", "{625F0DA9-83A4-42F5-AD6B-1F469CC69603}"
EndProject
Project("{2150E333-8FDC-42A3-9474-1A3956D46DE8}") = "ClassLibrary1.Tests", "ClassLibrary1.Tests", "{7C522C9B-923D-4614-A51B-D06425AF3E75}"
EndProject
Project("{FAE04EC0-301F-11D3-BF4B-00C04F79EFBC}") = "ClassLibrary1.Tests", "ClassLibrary1.Tests\ClassLibrary1.Tests\ClassLibrary1.Tests.csproj", "{2362CEC6-C3F8-4959-811B-0F31F04D5920}"
EndProject
Project("{2150E333-8FDC-42A3-9474-1A3956D46DE8}") = "MSTest.TestsLibrary", "MSTest.TestsLibrary", "{4D7BA160-5158-4469-9DD4-55DD9B9D6D03}"
EndProject
Project("{FAE04EC0-301F-11D3-BF4B-00C04F79EFBC}") = "MSTest.TestsLibrary", "MSTest.TestsLibrary\MSTest.TestsLibrary\MSTest.TestsLibrary.csproj", "{9E34AC3F-C2CB-4235-9189-508C7E1C6FA0}"
EndProject
Project("{FAE04EC0-301F-11D3-BF4B-00C04F79EFBC}") = "MSTest.TestsLibrary.Testing", "MSTest.TestsLibrary\MSTest.TestsLibrary.Testing\MSTest.TestsLibrary.Testing.csproj", "{961B924D-5DFE-478B-9C30-227575A6496C}"
EndProject
Project("{2150E333-8FDC-42A3-9474-1A3956D46DE8}") = "MSTestProject1", "MSTestProject1", "{6E11F56D-D4CE-4841-A37E-E9C7055FD0FD}"
EndProject
Project("{FAE04EC0-301F-11D3-BF4B-00C04F79EFBC}") = "MSTestProject1", "MSTestProject1\MSTestProject1\MSTestProject1.csproj", "{5BC7EE9E-0C5F-43A6-88C5-D43F3CE215D6}"
EndProject
Project("{FAE04EC0-301F-11D3-BF4B-00C04F79EFBC}") = "MSTestProject1.Lib", "MSTestProject1\MSTestProject1.Lib\MSTestProject1.Lib.csproj", "{404F581B-7FC8-40BD-B96D-876F12BEB650}"
EndProject
Project("{2150E333-8FDC-42A3-9474-1A3956D46DE8}") = "MSTestProject2", "MSTestProject2", "{18A13DC4-D42B-4557-8746-830813AA5F29}"
EndProject
Project("{FAE04EC0-301F-11D3-BF4B-00C04F79EFBC}") = "MSTestProject2", "MSTestProject2\MSTestProject2\MSTestProject2.csproj", "{3DC7B877-11A6-42F0-87F6-0D5D07C73925}"
EndProject
Project("{2150E333-8FDC-42A3-9474-1A3956D46DE8}") = "MSTestProject3", "MSTestProject3", "{C4C9BE1E-F880-4F67-A2D0-902CBBFA1835}"
EndProject
Project("{FAE04EC0-301F-11D3-BF4B-00C04F79EFBC}") = "MSTestProject3", "MSTestProject3\MSTestProject3\MSTestProject3.csproj", "{DB8031B8-17F6-461C-94C9-36CB2D916B7C}"
EndProject
Project("{2150E333-8FDC-42A3-9474-1A3956D46DE8}") = "MSTestTestsLibrary", "MSTestTestsLibrary", "{ADD7CDD0-9295-4B28-A265-EB37C305B26A}"
EndProject
Project("{FAE04EC0-301F-11D3-BF4B-00C04F79EFBC}") = "MSTestTestsLibrary", "MSTestTestsLibrary\MSTestTestsLibrary\MSTestTestsLibrary.csproj", "{2B4FAD33-C03D-4CBB-A035-7BCBD0597495}"
EndProject
Global
	GlobalSection(SolutionConfigurationPlatforms) = preSolution
		Debug|Any CPU = Debug|Any CPU
		Debug|x64 = Debug|x64
		Debug|x86 = Debug|x86
		Release|Any CPU = Release|Any CPU
		Release|x64 = Release|x64
		Release|x86 = Release|x86
	EndGlobalSection
	GlobalSection(SolutionProperties) = preSolution
		HideSolutionNode = FALSE
	EndGlobalSection
	GlobalSection(ProjectConfigurationPlatforms) = postSolution
		{625F0DA9-83A4-42F5-AD6B-1F469CC69603}.Debug|Any CPU.ActiveCfg = Debug|Any CPU
		{625F0DA9-83A4-42F5-AD6B-1F469CC69603}.Debug|Any CPU.Build.0 = Debug|Any CPU
		{625F0DA9-83A4-42F5-AD6B-1F469CC69603}.Debug|x64.ActiveCfg = Debug|Any CPU
		{625F0DA9-83A4-42F5-AD6B-1F469CC69603}.Debug|x64.Build.0 = Debug|Any CPU
		{625F0DA9-83A4-42F5-AD6B-1F469CC69603}.Debug|x86.ActiveCfg = Debug|Any CPU
		{625F0DA9-83A4-42F5-AD6B-1F469CC69603}.Debug|x86.Build.0 = Debug|Any CPU
		{625F0DA9-83A4-42F5-AD6B-1F469CC69603}.Release|Any CPU.ActiveCfg = Release|Any CPU
		{625F0DA9-83A4-42F5-AD6B-1F469CC69603}.Release|Any CPU.Build.0 = Release|Any CPU
		{625F0DA9-83A4-42F5-AD6B-1F469CC69603}.Release|x64.ActiveCfg = Release|Any CPU
		{625F0DA9-83A4-42F5-AD6B-1F469CC69603}.Release|x64.Build.0 = Release|Any CPU
		{625F0DA9-83A4-42F5-AD6B-1F469CC69603}.Release|x86.ActiveCfg = Release|Any CPU
		{625F0DA9-83A4-42F5-AD6B-1F469CC69603}.Release|x86.Build.0 = Release|Any CPU
		{2362CEC6-C3F8-4959-811B-0F31F04D5920}.Debug|Any CPU.ActiveCfg = Debug|Any CPU
		{2362CEC6-C3F8-4959-811B-0F31F04D5920}.Debug|Any CPU.Build.0 = Debug|Any CPU
		{2362CEC6-C3F8-4959-811B-0F31F04D5920}.Debug|x64.ActiveCfg = Debug|Any CPU
		{2362CEC6-C3F8-4959-811B-0F31F04D5920}.Debug|x64.Build.0 = Debug|Any CPU
		{2362CEC6-C3F8-4959-811B-0F31F04D5920}.Debug|x86.ActiveCfg = Debug|Any CPU
		{2362CEC6-C3F8-4959-811B-0F31F04D5920}.Debug|x86.Build.0 = Debug|Any CPU
		{2362CEC6-C3F8-4959-811B-0F31F04D5920}.Release|Any CPU.ActiveCfg = Release|Any CPU
		{2362CEC6-C3F8-4959-811B-0F31F04D5920}.Release|Any CPU.Build.0 = Release|Any CPU
		{2362CEC6-C3F8-4959-811B-0F31F04D5920}.Release|x64.ActiveCfg = Release|Any CPU
		{2362CEC6-C3F8-4959-811B-0F31F04D5920}.Release|x64.Build.0 = Release|Any CPU
		{2362CEC6-C3F8-4959-811B-0F31F04D5920}.Release|x86.ActiveCfg = Release|Any CPU
		{2362CEC6-C3F8-4959-811B-0F31F04D5920}.Release|x86.Build.0 = Release|Any CPU
		{9E34AC3F-C2CB-4235-9189-508C7E1C6FA0}.Debug|Any CPU.ActiveCfg = Debug|Any CPU
		{9E34AC3F-C2CB-4235-9189-508C7E1C6FA0}.Debug|Any CPU.Build.0 = Debug|Any CPU
		{9E34AC3F-C2CB-4235-9189-508C7E1C6FA0}.Debug|x64.ActiveCfg = Debug|Any CPU
		{9E34AC3F-C2CB-4235-9189-508C7E1C6FA0}.Debug|x64.Build.0 = Debug|Any CPU
		{9E34AC3F-C2CB-4235-9189-508C7E1C6FA0}.Debug|x86.ActiveCfg = Debug|Any CPU
		{9E34AC3F-C2CB-4235-9189-508C7E1C6FA0}.Debug|x86.Build.0 = Debug|Any CPU
		{9E34AC3F-C2CB-4235-9189-508C7E1C6FA0}.Release|Any CPU.ActiveCfg = Release|Any CPU
		{9E34AC3F-C2CB-4235-9189-508C7E1C6FA0}.Release|Any CPU.Build.0 = Release|Any CPU
		{9E34AC3F-C2CB-4235-9189-508C7E1C6FA0}.Release|x64.ActiveCfg = Release|Any CPU
		{9E34AC3F-C2CB-4235-9189-508C7E1C6FA0}.Release|x64.Build.0 = Release|Any CPU
		{9E34AC3F-C2CB-4235-9189-508C7E1C6FA0}.Release|x86.ActiveCfg = Release|Any CPU
		{9E34AC3F-C2CB-4235-9189-508C7E1C6FA0}.Release|x86.Build.0 = Release|Any CPU
		{961B924D-5DFE-478B-9C30-227575A6496C}.Debug|Any CPU.ActiveCfg = Debug|Any CPU
		{961B924D-5DFE-478B-9C30-227575A6496C}.Debug|Any CPU.Build.0 = Debug|Any CPU
		{961B924D-5DFE-478B-9C30-227575A6496C}.Debug|x64.ActiveCfg = Debug|Any CPU
		{961B924D-5DFE-478B-9C30-227575A6496C}.Debug|x64.Build.0 = Debug|Any CPU
		{961B924D-5DFE-478B-9C30-227575A6496C}.Debug|x86.ActiveCfg = Debug|Any CPU
		{961B924D-5DFE-478B-9C30-227575A6496C}.Debug|x86.Build.0 = Debug|Any CPU
		{961B924D-5DFE-478B-9C30-227575A6496C}.Release|Any CPU.ActiveCfg = Release|Any CPU
		{961B924D-5DFE-478B-9C30-227575A6496C}.Release|Any CPU.Build.0 = Release|Any CPU
		{961B924D-5DFE-478B-9C30-227575A6496C}.Release|x64.ActiveCfg = Release|Any CPU
		{961B924D-5DFE-478B-9C30-227575A6496C}.Release|x64.Build.0 = Release|Any CPU
		{961B924D-5DFE-478B-9C30-227575A6496C}.Release|x86.ActiveCfg = Release|Any CPU
		{961B924D-5DFE-478B-9C30-227575A6496C}.Release|x86.Build.0 = Release|Any CPU
		{5BC7EE9E-0C5F-43A6-88C5-D43F3CE215D6}.Debug|Any CPU.ActiveCfg = Debug|Any CPU
		{5BC7EE9E-0C5F-43A6-88C5-D43F3CE215D6}.Debug|Any CPU.Build.0 = Debug|Any CPU
		{5BC7EE9E-0C5F-43A6-88C5-D43F3CE215D6}.Debug|x64.ActiveCfg = Debug|Any CPU
		{5BC7EE9E-0C5F-43A6-88C5-D43F3CE215D6}.Debug|x64.Build.0 = Debug|Any CPU
		{5BC7EE9E-0C5F-43A6-88C5-D43F3CE215D6}.Debug|x86.ActiveCfg = Debug|Any CPU
		{5BC7EE9E-0C5F-43A6-88C5-D43F3CE215D6}.Debug|x86.Build.0 = Debug|Any CPU
		{5BC7EE9E-0C5F-43A6-88C5-D43F3CE215D6}.Release|Any CPU.ActiveCfg = Release|Any CPU
		{5BC7EE9E-0C5F-43A6-88C5-D43F3CE215D6}.Release|Any CPU.Build.0 = Release|Any CPU
		{5BC7EE9E-0C5F-43A6-88C5-D43F3CE215D6}.Release|x64.ActiveCfg = Release|Any CPU
		{5BC7EE9E-0C5F-43A6-88C5-D43F3CE215D6}.Release|x64.Build.0 = Release|Any CPU
		{5BC7EE9E-0C5F-43A6-88C5-D43F3CE215D6}.Release|x86.ActiveCfg = Release|Any CPU
		{5BC7EE9E-0C5F-43A6-88C5-D43F3CE215D6}.Release|x86.Build.0 = Release|Any CPU
		{404F581B-7FC8-40BD-B96D-876F12BEB650}.Debug|Any CPU.ActiveCfg = Debug|Any CPU
		{404F581B-7FC8-40BD-B96D-876F12BEB650}.Debug|Any CPU.Build.0 = Debug|Any CPU
		{404F581B-7FC8-40BD-B96D-876F12BEB650}.Debug|x64.ActiveCfg = Debug|Any CPU
		{404F581B-7FC8-40BD-B96D-876F12BEB650}.Debug|x64.Build.0 = Debug|Any CPU
		{404F581B-7FC8-40BD-B96D-876F12BEB650}.Debug|x86.ActiveCfg = Debug|Any CPU
		{404F581B-7FC8-40BD-B96D-876F12BEB650}.Debug|x86.Build.0 = Debug|Any CPU
		{404F581B-7FC8-40BD-B96D-876F12BEB650}.Release|Any CPU.ActiveCfg = Release|Any CPU
		{404F581B-7FC8-40BD-B96D-876F12BEB650}.Release|Any CPU.Build.0 = Release|Any CPU
		{404F581B-7FC8-40BD-B96D-876F12BEB650}.Release|x64.ActiveCfg = Release|Any CPU
		{404F581B-7FC8-40BD-B96D-876F12BEB650}.Release|x64.Build.0 = Release|Any CPU
		{404F581B-7FC8-40BD-B96D-876F12BEB650}.Release|x86.ActiveCfg = Release|Any CPU
		{404F581B-7FC8-40BD-B96D-876F12BEB650}.Release|x86.Build.0 = Release|Any CPU
		{3DC7B877-11A6-42F0-87F6-0D5D07C73925}.Debug|Any CPU.ActiveCfg = Debug|Any CPU
		{3DC7B877-11A6-42F0-87F6-0D5D07C73925}.Debug|Any CPU.Build.0 = Debug|Any CPU
		{3DC7B877-11A6-42F0-87F6-0D5D07C73925}.Debug|x64.ActiveCfg = Debug|Any CPU
		{3DC7B877-11A6-42F0-87F6-0D5D07C73925}.Debug|x64.Build.0 = Debug|Any CPU
		{3DC7B877-11A6-42F0-87F6-0D5D07C73925}.Debug|x86.ActiveCfg = Debug|Any CPU
		{3DC7B877-11A6-42F0-87F6-0D5D07C73925}.Debug|x86.Build.0 = Debug|Any CPU
		{3DC7B877-11A6-42F0-87F6-0D5D07C73925}.Release|Any CPU.ActiveCfg = Release|Any CPU
		{3DC7B877-11A6-42F0-87F6-0D5D07C73925}.Release|Any CPU.Build.0 = Release|Any CPU
		{3DC7B877-11A6-42F0-87F6-0D5D07C73925}.Release|x64.ActiveCfg = Release|Any CPU
		{3DC7B877-11A6-42F0-87F6-0D5D07C73925}.Release|x64.Build.0 = Release|Any CPU
		{3DC7B877-11A6-42F0-87F6-0D5D07C73925}.Release|x86.ActiveCfg = Release|Any CPU
		{3DC7B877-11A6-42F0-87F6-0D5D07C73925}.Release|x86.Build.0 = Release|Any CPU
		{DB8031B8-17F6-461C-94C9-36CB2D916B7C}.Debug|Any CPU.ActiveCfg = Debug|Any CPU
		{DB8031B8-17F6-461C-94C9-36CB2D916B7C}.Debug|Any CPU.Build.0 = Debug|Any CPU
		{DB8031B8-17F6-461C-94C9-36CB2D916B7C}.Debug|x64.ActiveCfg = Debug|Any CPU
		{DB8031B8-17F6-461C-94C9-36CB2D916B7C}.Debug|x64.Build.0 = Debug|Any CPU
		{DB8031B8-17F6-461C-94C9-36CB2D916B7C}.Debug|x86.ActiveCfg = Debug|Any CPU
		{DB8031B8-17F6-461C-94C9-36CB2D916B7C}.Debug|x86.Build.0 = Debug|Any CPU
		{DB8031B8-17F6-461C-94C9-36CB2D916B7C}.Release|Any CPU.ActiveCfg = Release|Any CPU
		{DB8031B8-17F6-461C-94C9-36CB2D916B7C}.Release|Any CPU.Build.0 = Release|Any CPU
		{DB8031B8-17F6-461C-94C9-36CB2D916B7C}.Release|x64.ActiveCfg = Release|Any CPU
		{DB8031B8-17F6-461C-94C9-36CB2D916B7C}.Release|x64.Build.0 = Release|Any CPU
		{DB8031B8-17F6-461C-94C9-36CB2D916B7C}.Release|x86.ActiveCfg = Release|Any CPU
		{DB8031B8-17F6-461C-94C9-36CB2D916B7C}.Release|x86.Build.0 = Release|Any CPU
		{2B4FAD33-C03D-4CBB-A035-7BCBD0597495}.Debug|Any CPU.ActiveCfg = Debug|Any CPU
		{2B4FAD33-C03D-4CBB-A035-7BCBD0597495}.Debug|Any CPU.Build.0 = Debug|Any CPU
		{2B4FAD33-C03D-4CBB-A035-7BCBD0597495}.Debug|x64.ActiveCfg = Debug|Any CPU
		{2B4FAD33-C03D-4CBB-A035-7BCBD0597495}.Debug|x64.Build.0 = Debug|Any CPU
		{2B4FAD33-C03D-4CBB-A035-7BCBD0597495}.Debug|x86.ActiveCfg = Debug|Any CPU
		{2B4FAD33-C03D-4CBB-A035-7BCBD0597495}.Debug|x86.Build.0 = Debug|Any CPU
		{2B4FAD33-C03D-4CBB-A035-7BCBD0597495}.Release|Any CPU.ActiveCfg = Release|Any CPU
		{2B4FAD33-C03D-4CBB-A035-7BCBD0597495}.Release|Any CPU.Build.0 = Release|Any CPU
		{2B4FAD33-C03D-4CBB-A035-7BCBD0597495}.Release|x64.ActiveCfg = Release|Any CPU
		{2B4FAD33-C03D-4CBB-A035-7BCBD0597495}.Release|x64.Build.0 = Release|Any CPU
		{2B4FAD33-C03D-4CBB-A035-7BCBD0597495}.Release|x86.ActiveCfg = Release|Any CPU
		{2B4FAD33-C03D-4CBB-A035-7BCBD0597495}.Release|x86.Build.0 = Release|Any CPU
	EndGlobalSection
	GlobalSection(NestedProjects) = preSolution
		{625F0DA9-83A4-42F5-AD6B-1F469CC69603} = {F44D6270-D063-4928-99F2-74BA8DC95E0C}
		{2362CEC6-C3F8-4959-811B-0F31F04D5920} = {7C522C9B-923D-4614-A51B-D06425AF3E75}
		{9E34AC3F-C2CB-4235-9189-508C7E1C6FA0} = {4D7BA160-5158-4469-9DD4-55DD9B9D6D03}
		{961B924D-5DFE-478B-9C30-227575A6496C} = {4D7BA160-5158-4469-9DD4-55DD9B9D6D03}
		{5BC7EE9E-0C5F-43A6-88C5-D43F3CE215D6} = {6E11F56D-D4CE-4841-A37E-E9C7055FD0FD}
		{404F581B-7FC8-40BD-B96D-876F12BEB650} = {6E11F56D-D4CE-4841-A37E-E9C7055FD0FD}
		{3DC7B877-11A6-42F0-87F6-0D5D07C73925} = {18A13DC4-D42B-4557-8746-830813AA5F29}
		{DB8031B8-17F6-461C-94C9-36CB2D916B7C} = {C4C9BE1E-F880-4F67-A2D0-902CBBFA1835}
		{2B4FAD33-C03D-4CBB-A035-7BCBD0597495} = {ADD7CDD0-9295-4B28-A265-EB37C305B26A}
	EndGlobalSection
EndGlobal
